{
  "name": "cameras",
  "version": "3.0.1",
  "lockfileVersion": 2,
  "requires": true,
  "packages": {
    "": {
      "version": "3.0.1",
      "funding": [
        {
          "type": "individual",
          "url": "https://paypal.me/dmnsgn"
        },
        {
          "type": "individual",
          "url": "https://commerce.coinbase.com/checkout/56cbdf28-e323-48d8-9c98-7019e72c97f3"
        }
      ],
      "license": "MIT",
      "dependencies": {
        "clamp": "^1.0.1",
        "gl-matrix": "^3.3.0",
        "normalize-wheel": "^1.0.1"
      },
      "devDependencies": {
        "core-js": "^3.11.1",
        "es-module-shims": "^0.10.4",
        "primitive-geometry": "^2.0.0",
        "regl": "^2.1.0",
        "tslib": "^2.2.0"
      },
      "engines": {
        "node": ">=15.0.0",
        "npm": ">=7.0.0"
      }
    },
    "node_modules/clamp": {
      "version": "1.0.1",
      "resolved": "https://registry.npmjs.org/clamp/-/clamp-1.0.1.tgz",
      "integrity": "sha1-ZqDmQBGBbjcZaCj9yMjBRzEshjQ="
    },
    "node_modules/core-js": {
      "version": "3.11.1",
      "resolved": "https://registry.npmjs.org/core-js/-/core-js-3.11.1.tgz",
      "integrity": "sha512-k93Isqg7e4txZWMGNYwevZL9MiogLk8pd1PtwrmFmi8IBq4GXqUaVW/a33Llt6amSI36uSjd0GWwc9pTT9ALlQ==",
      "dev": true,
      "hasInstallScript": true,
      "funding": {
        "type": "opencollective",
        "url": "https://opencollective.com/core-js"
      }
    },
    "node_modules/es-module-shims": {
      "version": "0.10.4",
      "resolved": "https://registry.npmjs.org/es-module-shims/-/es-module-shims-0.10.4.tgz",
      "integrity": "sha512-tkmdigmgPVUWp1+psYM5gwBVhsgynU7v8CHpg74BmXSz+sXwAE42AdJahcoIkQPIUXhErX+BISAsW3chrFSCnQ==",
      "dev": true
    },
    "node_modules/gl-matrix": {
      "version": "3.3.0",
      "resolved": "https://registry.npmjs.org/gl-matrix/-/gl-matrix-3.3.0.tgz",
      "integrity": "sha512-COb7LDz+SXaHtl/h4LeaFcNdJdAQSDeVqjiIihSXNrkWObZLhDI4hIkZC11Aeqp7bcE72clzB0BnDXr2SmslRA=="
    },
    "node_modules/normalize-wheel": {
      "version": "1.0.1",
      "resolved": "https://registry.npmjs.org/normalize-wheel/-/normalize-wheel-1.0.1.tgz",
      "integrity": "sha1-rsiGr/2wRQcNhWRH32Ls+GFG7EU="
    },
    "node_modules/primitive-geometry": {
      "version": "2.0.0",
      "resolved": "https://registry.npmjs.org/primitive-geometry/-/primitive-geometry-2.0.0.tgz",
      "integrity": "sha512-X1Ow3JT8kYuH/GwpJ+xrCTNB45ZE7rQi4qnOjcINmzTVc5/t4bNzpMkQGTsKjFBk7Er0BlQvn2Ey3KJxSDcn1g==",
      "dev": true,
      "funding": [
        {
          "type": "individual",
          "url": "https://paypal.me/dmnsgn"
        },
        {
          "type": "individual",
          "url": "https://commerce.coinbase.com/checkout/56cbdf28-e323-48d8-9c98-7019e72c97f3"
        }
      ],
      "engines": {
        "node": ">=15.0.0",
        "npm": ">=7.0.0"
      }
    },
    "node_modules/regl": {
      "version": "2.1.0",
      "resolved": "https://registry.npmjs.org/regl/-/regl-2.1.0.tgz",
      "integrity": "sha512-oWUce/aVoEvW5l2V0LK7O5KJMzUSKeiOwFuJehzpSFd43dO5spP9r+sSUfhKtsky4u6MCqWJaRL+abzExynfTg==",
      "dev": true
    },
    "node_modules/tslib": {
      "version": "2.2.0",
      "resolved": "https://registry.npmjs.org/tslib/-/tslib-2.2.0.tgz",
      "integrity": "sha512-gS9GVHRU+RGn5KQM2rllAlR3dU6m7AcpJKdtH8gFvQiC4Otgk98XnmMU+nZenHt/+VhnBPWwgrJsyrdcw6i23w==",
      "dev": true
    }
  },
  "dependencies": {
    "clamp": {
      "version": "1.0.1",
      "resolved": "https://registry.npmjs.org/clamp/-/clamp-1.0.1.tgz",
      "integrity": "sha1-ZqDmQBGBbjcZaCj9yMjBRzEshjQ="
    },
    "core-js": {
      "version": "3.11.1",
      "resolved": "https://registry.npmjs.org/core-js/-/core-js-3.11.1.tgz",
      "integrity": "sha512-k93Isqg7e4txZWMGNYwevZL9MiogLk8pd1PtwrmFmi8IBq4GXqUaVW/a33Llt6amSI36uSjd0GWwc9pTT9ALlQ==",
      "dev": true
    },
    "es-module-shims": {
      "version": "0.10.4",
      "resolved": "https://registry.npmjs.org/es-module-shims/-/es-module-shims-0.10.4.tgz",
      "integrity": "sha512-tkmdigmgPVUWp1+psYM5gwBVhsgynU7v8CHpg74BmXSz+sXwAE42AdJahcoIkQPIUXhErX+BISAsW3chrFSCnQ==",
      "dev": true
    },
    "gl-matrix": {
      "version": "3.3.0",
      "resolved": "https://registry.npmjs.org/gl-matrix/-/gl-matrix-3.3.0.tgz",
      "integrity": "sha512-COb7LDz+SXaHtl/h4LeaFcNdJdAQSDeVqjiIihSXNrkWObZLhDI4hIkZC11Aeqp7bcE72clzB0BnDXr2SmslRA=="
    },
    "normalize-wheel": {
      "version": "1.0.1",
      "resolved": "https://registry.npmjs.org/normalize-wheel/-/normalize-wheel-1.0.1.tgz",
      "integrity": "sha1-rsiGr/2wRQcNhWRH32Ls+GFG7EU="
    },
    "primitive-geometry": {
      "version": "2.0.0",
      "resolved": "https://registry.npmjs.org/primitive-geometry/-/primitive-geometry-2.0.0.tgz",
      "integrity": "sha512-X1Ow3JT8kYuH/GwpJ+xrCTNB45ZE7rQi4qnOjcINmzTVc5/t4bNzpMkQGTsKjFBk7Er0BlQvn2Ey3KJxSDcn1g==",
      "dev": true
    },
    "regl": {
      "version": "2.1.0",
      "resolved": "https://registry.npmjs.org/regl/-/regl-2.1.0.tgz",
      "integrity": "sha512-oWUce/aVoEvW5l2V0LK7O5KJMzUSKeiOwFuJehzpSFd43dO5spP9r+sSUfhKtsky4u6MCqWJaRL+abzExynfTg==",
      "dev": true
    },
    "tslib": {
      "version": "2.2.0",
      "resolved": "https://registry.npmjs.org/tslib/-/tslib-2.2.0.tgz",
      "integrity": "sha512-gS9GVHRU+RGn5KQM2rllAlR3dU6m7AcpJKdtH8gFvQiC4Otgk98XnmMU+nZenHt/+VhnBPWwgrJsyrdcw6i23w==",
      "dev": true
    }
  }
}
